# This file is automatically @generated by Cargo.
# It is not intended for manual editing.
[[package]]
name = "aho-corasick"
version = "0.6.0"
source = "registry+https://github.com/rust-lang/crates.io-index"
dependencies = [
 "memchr 1.0.0 (registry+https://github.com/rust-lang/crates.io-index)",
]

[[package]]
name = "antidote"
version = "1.0.0"
source = "registry+https://github.com/rust-lang/crates.io-index"

[[package]]
name = "bigdecimal"
version = "0.0.10"
source = "registry+https://github.com/rust-lang/crates.io-index"
dependencies = [
 "num 0.1.37 (registry+https://github.com/rust-lang/crates.io-index)",
 "num-traits 0.1.37 (registry+https://github.com/rust-lang/crates.io-index)",
]

[[package]]
name = "bitflags"
version = "1.0.0"
source = "registry+https://github.com/rust-lang/crates.io-index"

[[package]]
name = "byteorder"
version = "1.0.0"
source = "registry+https://github.com/rust-lang/crates.io-index"

[[package]]
name = "cfg-if"
version = "0.1.2"
source = "registry+https://github.com/rust-lang/crates.io-index"

[[package]]
name = "chrono"
version = "0.4.0"
source = "registry+https://github.com/rust-lang/crates.io-index"
dependencies = [
 "num 0.1.37 (registry+https://github.com/rust-lang/crates.io-index)",
 "time 0.1.36 (registry+https://github.com/rust-lang/crates.io-index)",
]

[[package]]
name = "compiletest_rs"
version = "0.3.17"
source = "registry+https://github.com/rust-lang/crates.io-index"
dependencies = [
 "diff 0.1.10 (registry+https://github.com/rust-lang/crates.io-index)",
 "filetime 0.2.0 (registry+https://github.com/rust-lang/crates.io-index)",
 "getopts 0.2.21 (registry+https://github.com/rust-lang/crates.io-index)",
 "libc 0.2.18 (registry+https://github.com/rust-lang/crates.io-index)",
 "log 0.4.0 (registry+https://github.com/rust-lang/crates.io-index)",
 "miow 0.3.0 (registry+https://github.com/rust-lang/crates.io-index)",
 "regex 1.0.0 (registry+https://github.com/rust-lang/crates.io-index)",
 "serde 1.0.0 (registry+https://github.com/rust-lang/crates.io-index)",
 "serde_derive 1.0.0 (registry+https://github.com/rust-lang/crates.io-index)",
 "serde_json 1.0.0 (registry+https://github.com/rust-lang/crates.io-index)",
 "winapi 0.3.2 (registry+https://github.com/rust-lang/crates.io-index)",
]

[[package]]
name = "diesel"
version = "1.4.4"
dependencies = [
 "bigdecimal 0.0.10 (registry+https://github.com/rust-lang/crates.io-index)",
 "bitflags 1.0.0 (registry+https://github.com/rust-lang/crates.io-index)",
 "byteorder 1.0.0 (registry+https://github.com/rust-lang/crates.io-index)",
 "chrono 0.4.0 (registry+https://github.com/rust-lang/crates.io-index)",
 "diesel_derives 1.4.1",
 "ipnetwork 0.12.2 (registry+https://github.com/rust-lang/crates.io-index)",
 "libc 0.2.18 (registry+https://github.com/rust-lang/crates.io-index)",
 "libsqlite3-sys 0.8.0 (registry+https://github.com/rust-lang/crates.io-index)",
 "mysqlclient-sys 0.2.4 (registry+https://github.com/rust-lang/crates.io-index)",
 "num-bigint 0.1.41 (registry+https://github.com/rust-lang/crates.io-index)",
 "num-integer 0.1.33 (registry+https://github.com/rust-lang/crates.io-index)",
 "num-traits 0.1.37 (registry+https://github.com/rust-lang/crates.io-index)",
 "pq-sys 0.4.6 (registry+https://github.com/rust-lang/crates.io-index)",
 "r2d2 0.8.0 (registry+https://github.com/rust-lang/crates.io-index)",
 "serde_json 0.8.0 (registry+https://github.com/rust-lang/crates.io-index)",
 "time 0.1.36 (registry+https://github.com/rust-lang/crates.io-index)",
 "url 1.4.0 (registry+https://github.com/rust-lang/crates.io-index)",
 "uuid 0.2.0 (registry+https://github.com/rust-lang/crates.io-index)",
]

[[package]]
name = "diesel_compile_tests"
version = "0.1.0"
dependencies = [
 "compiletest_rs 0.3.17 (registry+https://github.com/rust-lang/crates.io-index)",
 "diesel 1.4.4",
]

[[package]]
name = "diesel_derives"
version = "1.4.1"
dependencies = [
 "proc-macro2 1.0.17 (registry+https://github.com/rust-lang/crates.io-index)",
 "quote 1.0.6 (registry+https://github.com/rust-lang/crates.io-index)",
 "syn 1.0.27 (registry+https://github.com/rust-lang/crates.io-index)",
]

[[package]]
name = "diff"
version = "0.1.10"
source = "registry+https://github.com/rust-lang/crates.io-index"

[[package]]
name = "dtoa"
version = "0.2.0"
source = "registry+https://github.com/rust-lang/crates.io-index"

[[package]]
name = "dtoa"
version = "0.4.0"
source = "registry+https://github.com/rust-lang/crates.io-index"

[[package]]
name = "filetime"
version = "0.2.0"
source = "registry+https://github.com/rust-lang/crates.io-index"
dependencies = [
 "cfg-if 0.1.2 (registry+https://github.com/rust-lang/crates.io-index)",
 "libc 0.2.18 (registry+https://github.com/rust-lang/crates.io-index)",
 "redox_syscall 0.1.0 (registry+https://github.com/rust-lang/crates.io-index)",
]

[[package]]
name = "getopts"
version = "0.2.21"
source = "registry+https://github.com/rust-lang/crates.io-index"
dependencies = [
 "unicode-width 0.1.7 (registry+https://github.com/rust-lang/crates.io-index)",
]

[[package]]
name = "idna"
version = "0.1.0"
source = "registry+https://github.com/rust-lang/crates.io-index"
dependencies = [
 "matches 0.1.2 (registry+https://github.com/rust-lang/crates.io-index)",
 "unicode-bidi 0.2.3 (registry+https://github.com/rust-lang/crates.io-index)",
 "unicode-normalization 0.1.2 (registry+https://github.com/rust-lang/crates.io-index)",
]

[[package]]
name = "ipnetwork"
version = "0.12.2"
source = "registry+https://github.com/rust-lang/crates.io-index"

[[package]]
name = "itoa"
version = "0.1.0"
source = "registry+https://github.com/rust-lang/crates.io-index"

[[package]]
name = "itoa"
version = "0.3.0"
source = "registry+https://github.com/rust-lang/crates.io-index"

[[package]]
name = "kernel32-sys"
version = "0.2.0"
source = "registry+https://github.com/rust-lang/crates.io-index"
dependencies = [
 "winapi 0.2.4 (registry+https://github.com/rust-lang/crates.io-index)",
 "winapi-build 0.1.1 (registry+https://github.com/rust-lang/crates.io-index)",
]

[[package]]
name = "libc"
version = "0.2.18"
source = "registry+https://github.com/rust-lang/crates.io-index"

[[package]]
name = "libsqlite3-sys"
version = "0.8.0"
source = "registry+https://github.com/rust-lang/crates.io-index"
dependencies = [
 "pkg-config 0.3.9 (registry+https://github.com/rust-lang/crates.io-index)",
]

[[package]]
name = "log"
version = "0.3.6"
source = "registry+https://github.com/rust-lang/crates.io-index"

[[package]]
name = "log"
version = "0.4.0"
source = "registry+https://github.com/rust-lang/crates.io-index"
dependencies = [
 "cfg-if 0.1.2 (registry+https://github.com/rust-lang/crates.io-index)",
]

[[package]]
name = "matches"
version = "0.1.2"
source = "registry+https://github.com/rust-lang/crates.io-index"

[[package]]
name = "memchr"
version = "1.0.0"
source = "registry+https://github.com/rust-lang/crates.io-index"
dependencies = [
 "libc 0.2.18 (registry+https://github.com/rust-lang/crates.io-index)",
]

[[package]]
name = "memchr"
version = "2.0.0"
source = "registry+https://github.com/rust-lang/crates.io-index"
dependencies = [
 "libc 0.2.18 (registry+https://github.com/rust-lang/crates.io-index)",
]

[[package]]
name = "miow"
version = "0.3.0"
source = "registry+https://github.com/rust-lang/crates.io-index"
dependencies = [
 "socket2 0.2.0 (registry+https://github.com/rust-lang/crates.io-index)",
 "winapi 0.3.2 (registry+https://github.com/rust-lang/crates.io-index)",
]

[[package]]
name = "mysqlclient-sys"
version = "0.2.4"
source = "registry+https://github.com/rust-lang/crates.io-index"
dependencies = [
 "pkg-config 0.3.9 (registry+https://github.com/rust-lang/crates.io-index)",
 "vcpkg 0.2.8 (registry+https://github.com/rust-lang/crates.io-index)",
]

[[package]]
name = "num"
version = "0.1.37"
source = "registry+https://github.com/rust-lang/crates.io-index"
dependencies = [
 "num-bigint 0.1.41 (registry+https://github.com/rust-lang/crates.io-index)",
 "num-integer 0.1.33 (registry+https://github.com/rust-lang/crates.io-index)",
 "num-iter 0.1.33 (registry+https://github.com/rust-lang/crates.io-index)",
 "num-traits 0.1.37 (registry+https://github.com/rust-lang/crates.io-index)",
]

[[package]]
name = "num-bigint"
version = "0.1.41"
source = "registry+https://github.com/rust-lang/crates.io-index"
dependencies = [
 "num-integer 0.1.33 (registry+https://github.com/rust-lang/crates.io-index)",
 "num-traits 0.1.37 (registry+https://github.com/rust-lang/crates.io-index)",
 "rand 0.3.14 (registry+https://github.com/rust-lang/crates.io-index)",
 "rustc-serialize 0.3.20 (registry+https://github.com/rust-lang/crates.io-index)",
]

[[package]]
name = "num-integer"
version = "0.1.33"
source = "registry+https://github.com/rust-lang/crates.io-index"
dependencies = [
 "num-traits 0.1.37 (registry+https://github.com/rust-lang/crates.io-index)",
]

[[package]]
name = "num-iter"
version = "0.1.33"
source = "registry+https://github.com/rust-lang/crates.io-index"
dependencies = [
 "num-integer 0.1.33 (registry+https://github.com/rust-lang/crates.io-index)",
 "num-traits 0.1.37 (registry+https://github.com/rust-lang/crates.io-index)",
]

[[package]]
name = "num-traits"
version = "0.1.37"
source = "registry+https://github.com/rust-lang/crates.io-index"

[[package]]
name = "pkg-config"
version = "0.3.9"
source = "registry+https://github.com/rust-lang/crates.io-index"

[[package]]
name = "pq-sys"
version = "0.4.6"
source = "registry+https://github.com/rust-lang/crates.io-index"
dependencies = [
 "vcpkg 0.2.8 (registry+https://github.com/rust-lang/crates.io-index)",
]

[[package]]
name = "proc-macro2"
version = "1.0.17"
source = "registry+https://github.com/rust-lang/crates.io-index"
dependencies = [
 "unicode-xid 0.2.0 (registry+https://github.com/rust-lang/crates.io-index)",
]

[[package]]
name = "quote"
version = "0.3.8"
source = "registry+https://github.com/rust-lang/crates.io-index"

[[package]]
name = "quote"
version = "1.0.6"
source = "registry+https://github.com/rust-lang/crates.io-index"
dependencies = [
 "proc-macro2 1.0.17 (registry+https://github.com/rust-lang/crates.io-index)",
]

[[package]]
name = "r2d2"
version = "0.8.0"
source = "registry+https://github.com/rust-lang/crates.io-index"
dependencies = [
 "antidote 1.0.0 (registry+https://github.com/rust-lang/crates.io-index)",
 "log 0.3.6 (registry+https://github.com/rust-lang/crates.io-index)",
 "scheduled-thread-pool 0.2.0 (registry+https://github.com/rust-lang/crates.io-index)",
]

[[package]]
name = "rand"
version = "0.3.14"
source = "registry+https://github.com/rust-lang/crates.io-index"
dependencies = [
 "libc 0.2.18 (registry+https://github.com/rust-lang/crates.io-index)",
]

[[package]]
name = "redox_syscall"
version = "0.1.0"
source = "registry+https://github.com/rust-lang/crates.io-index"

[[package]]
name = "regex"
version = "1.0.0"
source = "registry+https://github.com/rust-lang/crates.io-index"
dependencies = [
 "aho-corasick 0.6.0 (registry+https://github.com/rust-lang/crates.io-index)",
 "memchr 2.0.0 (registry+https://github.com/rust-lang/crates.io-index)",
 "regex-syntax 0.6.0 (registry+https://github.com/rust-lang/crates.io-index)",
 "thread_local 0.3.2 (registry+https://github.com/rust-lang/crates.io-index)",
 "utf8-ranges 1.0.0 (registry+https://github.com/rust-lang/crates.io-index)",
]

[[package]]
name = "regex-syntax"
version = "0.6.0"
source = "registry+https://github.com/rust-lang/crates.io-index"
dependencies = [
 "ucd-util 0.1.0 (registry+https://github.com/rust-lang/crates.io-index)",
]

[[package]]
name = "rustc-serialize"
version = "0.3.20"
source = "registry+https://github.com/rust-lang/crates.io-index"

[[package]]
name = "scheduled-thread-pool"
version = "0.2.0"
source = "registry+https://github.com/rust-lang/crates.io-index"
dependencies = [
 "antidote 1.0.0 (registry+https://github.com/rust-lang/crates.io-index)",
]

[[package]]
name = "serde"
version = "0.8.0"
source = "registry+https://github.com/rust-lang/crates.io-index"

[[package]]
name = "serde"
version = "1.0.0"
source = "registry+https://github.com/rust-lang/crates.io-index"

[[package]]
name = "serde_derive"
version = "1.0.0"
source = "registry+https://github.com/rust-lang/crates.io-index"
dependencies = [
 "quote 0.3.8 (registry+https://github.com/rust-lang/crates.io-index)",
 "serde_derive_internals 0.15.0 (registry+https://github.com/rust-lang/crates.io-index)",
 "syn 0.11.10 (registry+https://github.com/rust-lang/crates.io-index)",
]

[[package]]
name = "serde_derive_internals"
version = "0.15.0"
source = "registry+https://github.com/rust-lang/crates.io-index"
dependencies = [
 "syn 0.11.10 (registry+https://github.com/rust-lang/crates.io-index)",
 "synom 0.11.0 (registry+https://github.com/rust-lang/crates.io-index)",
]

[[package]]
name = "serde_json"
version = "0.8.0"
source = "registry+https://github.com/rust-lang/crates.io-index"
dependencies = [
 "dtoa 0.2.0 (registry+https://github.com/rust-lang/crates.io-index)",
 "itoa 0.1.0 (registry+https://github.com/rust-lang/crates.io-index)",
 "num-traits 0.1.37 (registry+https://github.com/rust-lang/crates.io-index)",
 "serde 0.8.0 (registry+https://github.com/rust-lang/crates.io-index)",
]

[[package]]
name = "serde_json"
version = "1.0.0"
source = "registry+https://github.com/rust-lang/crates.io-index"
dependencies = [
 "dtoa 0.4.0 (registry+https://github.com/rust-lang/crates.io-index)",
 "itoa 0.3.0 (registry+https://github.com/rust-lang/crates.io-index)",
 "num-traits 0.1.37 (registry+https://github.com/rust-lang/crates.io-index)",
 "serde 1.0.0 (registry+https://github.com/rust-lang/crates.io-index)",
]

[[package]]
name = "socket2"
version = "0.2.0"
source = "registry+https://github.com/rust-lang/crates.io-index"
dependencies = [
 "cfg-if 0.1.2 (registry+https://github.com/rust-lang/crates.io-index)",
 "kernel32-sys 0.2.0 (registry+https://github.com/rust-lang/crates.io-index)",
 "libc 0.2.18 (registry+https://github.com/rust-lang/crates.io-index)",
 "winapi 0.2.4 (registry+https://github.com/rust-lang/crates.io-index)",
 "ws2_32-sys 0.2.0 (registry+https://github.com/rust-lang/crates.io-index)",
]

[[package]]
name = "syn"
version = "0.11.10"
source = "registry+https://github.com/rust-lang/crates.io-index"
dependencies = [
 "quote 0.3.8 (registry+https://github.com/rust-lang/crates.io-index)",
 "synom 0.11.0 (registry+https://github.com/rust-lang/crates.io-index)",
 "unicode-xid 0.0.4 (registry+https://github.com/rust-lang/crates.io-index)",
]

[[package]]
name = "syn"
version = "1.0.27"
source = "registry+https://github.com/rust-lang/crates.io-index"
dependencies = [
 "proc-macro2 1.0.17 (registry+https://github.com/rust-lang/crates.io-index)",
 "quote 1.0.6 (registry+https://github.com/rust-lang/crates.io-index)",
 "unicode-xid 0.2.0 (registry+https://github.com/rust-lang/crates.io-index)",
]

[[package]]
name = "synom"
version = "0.11.0"
source = "registry+https://github.com/rust-lang/crates.io-index"
dependencies = [
 "unicode-xid 0.0.4 (registry+https://github.com/rust-lang/crates.io-index)",
]

[[package]]
name = "thread-id"
version = "3.3.0"
source = "registry+https://github.com/rust-lang/crates.io-index"
dependencies = [
 "libc 0.2.18 (registry+https://github.com/rust-lang/crates.io-index)",
 "redox_syscall 0.1.0 (registry+https://github.com/rust-lang/crates.io-index)",
 "winapi 0.3.2 (registry+https://github.com/rust-lang/crates.io-index)",
]

[[package]]
name = "thread_local"
version = "0.3.2"
source = "registry+https://github.com/rust-lang/crates.io-index"
dependencies = [
 "thread-id 3.3.0 (registry+https://github.com/rust-lang/crates.io-index)",
 "unreachable 0.1.0 (registry+https://github.com/rust-lang/crates.io-index)",
]

[[package]]
name = "time"
version = "0.1.36"
source = "registry+https://github.com/rust-lang/crates.io-index"
dependencies = [
 "kernel32-sys 0.2.0 (registry+https://github.com/rust-lang/crates.io-index)",
 "libc 0.2.18 (registry+https://github.com/rust-lang/crates.io-index)",
 "redox_syscall 0.1.0 (registry+https://github.com/rust-lang/crates.io-index)",
 "winapi 0.2.4 (registry+https://github.com/rust-lang/crates.io-index)",
]

[[package]]
name = "ucd-util"
version = "0.1.0"
source = "registry+https://github.com/rust-lang/crates.io-index"

[[package]]
name = "unicode-bidi"
version = "0.2.3"
source = "registry+https://github.com/rust-lang/crates.io-index"
dependencies = [
 "matches 0.1.2 (registry+https://github.com/rust-lang/crates.io-index)",
]

[[package]]
name = "unicode-normalization"
version = "0.1.2"
source = "registry+https://github.com/rust-lang/crates.io-index"

[[package]]
name = "unicode-width"
version = "0.1.7"
source = "registry+https://github.com/rust-lang/crates.io-index"

[[package]]
name = "unicode-xid"
version = "0.0.4"
source = "registry+https://github.com/rust-lang/crates.io-index"

[[package]]
name = "unicode-xid"
version = "0.2.0"
source = "registry+https://github.com/rust-lang/crates.io-index"

[[package]]
name = "unreachable"
version = "0.1.0"
source = "registry+https://github.com/rust-lang/crates.io-index"
dependencies = [
 "void 1.0.0 (registry+https://github.com/rust-lang/crates.io-index)",
]

[[package]]
name = "url"
version = "1.4.0"
source = "registry+https://github.com/rust-lang/crates.io-index"
dependencies = [
 "idna 0.1.0 (registry+https://github.com/rust-lang/crates.io-index)",
 "matches 0.1.2 (registry+https://github.com/rust-lang/crates.io-index)",
]

[[package]]
name = "utf8-ranges"
version = "1.0.0"
source = "registry+https://github.com/rust-lang/crates.io-index"

[[package]]
name = "uuid"
version = "0.2.0"
source = "registry+https://github.com/rust-lang/crates.io-index"

[[package]]
name = "vcpkg"
version = "0.2.8"
source = "registry+https://github.com/rust-lang/crates.io-index"

[[package]]
name = "void"
version = "1.0.0"
source = "registry+https://github.com/rust-lang/crates.io-index"

[[package]]
name = "winapi"
version = "0.2.4"
source = "registry+https://github.com/rust-lang/crates.io-index"

[[package]]
name = "winapi"
version = "0.3.2"
source = "registry+https://github.com/rust-lang/crates.io-index"
dependencies = [
 "winapi-i686-pc-windows-gnu 0.3.0 (registry+https://github.com/rust-lang/crates.io-index)",
 "winapi-x86_64-pc-windows-gnu 0.3.0 (registry+https://github.com/rust-lang/crates.io-index)",
]

[[package]]
name = "winapi-build"
version = "0.1.1"
source = "registry+https://github.com/rust-lang/crates.io-index"

[[package]]
name = "winapi-i686-pc-windows-gnu"
version = "0.3.0"
source = "registry+https://github.com/rust-lang/crates.io-index"

[[package]]
name = "winapi-x86_64-pc-windows-gnu"
version = "0.3.0"
source = "registry+https://github.com/rust-lang/crates.io-index"

[[package]]
name = "ws2_32-sys"
version = "0.2.0"
source = "registry+https://github.com/rust-lang/crates.io-index"
dependencies = [
 "winapi 0.2.4 (registry+https://github.com/rust-lang/crates.io-index)",
 "winapi-build 0.1.1 (registry+https://github.com/rust-lang/crates.io-index)",
]

[metadata]
"checksum aho-corasick 0.6.0 (registry+https://github.com/rust-lang/crates.io-index)" = "9b1112e9e6d4a66f5f63fbaa520a0bbfe45e63cdd2d13c7ea1660ccc45345073"
"checksum antidote 1.0.0 (registry+https://github.com/rust-lang/crates.io-index)" = "34fde25430d87a9388dadbe6e34d7f72a462c8b43ac8d309b42b0a8505d7e2a5"
"checksum bigdecimal 0.0.10 (registry+https://github.com/rust-lang/crates.io-index)" = "bbe25700d5bafc2f57ee77fb22281e88f231a38431c3abceba0fc716d6f5c5d8"
"checksum bitflags 1.0.0 (registry+https://github.com/rust-lang/crates.io-index)" = "f5cde24d1b2e2216a726368b2363a273739c91f4e3eb4e0dd12d672d396ad989"
"checksum byteorder 1.0.0 (registry+https://github.com/rust-lang/crates.io-index)" = "c40977b0ee6b9885c9013cd41d9feffdd22deb3bb4dc3a71d901cc7a77de18c8"
"checksum cfg-if 0.1.2 (registry+https://github.com/rust-lang/crates.io-index)" = "d4c819a1287eb618df47cc647173c5c4c66ba19d888a6e50d605672aed3140de"
"checksum chrono 0.4.0 (registry+https://github.com/rust-lang/crates.io-index)" = "7c20ebe0b2b08b0aeddba49c609fe7957ba2e33449882cb186a180bc60682fa9"
"checksum compiletest_rs 0.3.17 (registry+https://github.com/rust-lang/crates.io-index)" = "89747fe073b7838343bd2c2445e7a7c2e0d415598f8925f0fa9205b9cdfc48cb"
"checksum diff 0.1.10 (registry+https://github.com/rust-lang/crates.io-index)" = "0a515461b6c8c08419850ced27bc29e86166dcdcde8fbe76f8b1f0589bb49472"
"checksum dtoa 0.2.0 (registry+https://github.com/rust-lang/crates.io-index)" = "ad262f09038a065841ef3f873a33d47d6ca8f50e09293e1e2155f1d8515a11a6"
"checksum dtoa 0.4.0 (registry+https://github.com/rust-lang/crates.io-index)" = "5edd69c67b2f8e0911629b7e6b8a34cb3956613cd7c6e6414966dee349c2db4f"
"checksum filetime 0.2.0 (registry+https://github.com/rust-lang/crates.io-index)" = "08530a39af0bd442c40aabb9e854f442a83bd2403feb1ed58fbe982dec2385f3"
"checksum getopts 0.2.21 (registry+https://github.com/rust-lang/crates.io-index)" = "14dbbfd5c71d70241ecf9e6f13737f7b5ce823821063188d7e46c41d371eebd5"
"checksum idna 0.1.0 (registry+https://github.com/rust-lang/crates.io-index)" = "1053236e00ce4f668aeca4a769a09b3bf5a682d802abd6f3cb39374f6b162c11"
"checksum ipnetwork 0.12.2 (registry+https://github.com/rust-lang/crates.io-index)" = "ff057b5936cf121069556b3959d0c62175c556280dd75996639aae8c4009cfe6"
"checksum itoa 0.1.0 (registry+https://github.com/rust-lang/crates.io-index)" = "8fe390286ad3ad1b175ad07a638c83463c86cbdb5e38075c2ef44e10c694702b"
"checksum itoa 0.3.0 (registry+https://github.com/rust-lang/crates.io-index)" = "91fd9dc2c587067de817fec4ad355e3818c3d893a78cab32a0a474c7a15bb8d5"
"checksum kernel32-sys 0.2.0 (registry+https://github.com/rust-lang/crates.io-index)" = "ad1ca084b49bfd975182288e1a5f1d27ea34ff2d6ae084ae5e66e1652427eada"
"checksum libc 0.2.18 (registry+https://github.com/rust-lang/crates.io-index)" = "a51822fc847e7a8101514d1d44e354ba2ffa7d4c194dcab48870740e327cac70"
"checksum libsqlite3-sys 0.8.0 (registry+https://github.com/rust-lang/crates.io-index)" = "33e0b09db40cce5117daf908cd067e84ea7d8b14ae3a826a29e19cd11305677b"
"checksum log 0.3.6 (registry+https://github.com/rust-lang/crates.io-index)" = "ab83497bf8bf4ed2a74259c1c802351fcd67a65baa86394b6ba73c36f4838054"
"checksum log 0.4.0 (registry+https://github.com/rust-lang/crates.io-index)" = "b3a89a0c46ba789b8a247d4c567aed4d7c68e624672d238b45cc3ec20dc9f940"
"checksum matches 0.1.2 (registry+https://github.com/rust-lang/crates.io-index)" = "15305656809ce5a4805b1ff2946892810992197ce1270ff79baded852187942e"
"checksum memchr 1.0.0 (registry+https://github.com/rust-lang/crates.io-index)" = "7492849298f0731c393b1f34ce03a7c84c00bead2e7057db9342907c8fdcae28"
"checksum memchr 2.0.0 (registry+https://github.com/rust-lang/crates.io-index)" = "e01e64d9017d18e7fc09d8e4fe0e28ff6931019e979fb8019319db7ca827f8a6"
"checksum miow 0.3.0 (registry+https://github.com/rust-lang/crates.io-index)" = "43afd4f49756042c3564081155c8c54fb283789596b94b98a36440119ad2f4d4"
"checksum mysqlclient-sys 0.2.4 (registry+https://github.com/rust-lang/crates.io-index)" = "7e9637d93448044078aaafea7419aed69d301b4a12bcc4aa0ae856eb169bef85"
"checksum num 0.1.37 (registry+https://github.com/rust-lang/crates.io-index)" = "98b15ba84e910ea7a1973bccd3df7b31ae282bf9d8bd2897779950c9b8303d40"
"checksum num-bigint 0.1.41 (registry+https://github.com/rust-lang/crates.io-index)" = "bdc1494b5912f088f260b775799468d9b9209ac60885d8186a547a0476289e23"
"checksum num-integer 0.1.33 (registry+https://github.com/rust-lang/crates.io-index)" = "21e4df1098d1d797d27ef0c69c178c3fab64941559b290fcae198e0825c9c8b5"
"checksum num-iter 0.1.33 (registry+https://github.com/rust-lang/crates.io-index)" = "f7d1891bd7b936f12349b7d1403761c8a0b85a18b148e9da4429d5d102c1a41e"
"checksum num-traits 0.1.37 (registry+https://github.com/rust-lang/crates.io-index)" = "e1cbfa3781f3fe73dc05321bed52a06d2d491eaa764c52335cf4399f046ece99"
"checksum pkg-config 0.3.9 (registry+https://github.com/rust-lang/crates.io-index)" = "3a8b4c6b8165cd1a1cd4b9b120978131389f64bdaf456435caa41e630edba903"
"checksum pq-sys 0.4.6 (registry+https://github.com/rust-lang/crates.io-index)" = "6ac25eee5a0582f45a67e837e350d784e7003bd29a5f460796772061ca49ffda"
"checksum proc-macro2 1.0.17 (registry+https://github.com/rust-lang/crates.io-index)" = "1502d12e458c49a4c9cbff560d0fe0060c252bc29799ed94ca2ed4bb665a0101"
"checksum quote 0.3.8 (registry+https://github.com/rust-lang/crates.io-index)" = "9f0fc799e40f2a2c2be239825b30b686f1bd1d2e0e3d5e943b14c1380db49acf"
"checksum quote 1.0.6 (registry+https://github.com/rust-lang/crates.io-index)" = "54a21852a652ad6f610c9510194f398ff6f8692e334fd1145fed931f7fbe44ea"
"checksum r2d2 0.8.0 (registry+https://github.com/rust-lang/crates.io-index)" = "644f995aeba34f885c061d668b1657f6828051c5c430dd0d7e1e659a352e0fad"
"checksum rand 0.3.14 (registry+https://github.com/rust-lang/crates.io-index)" = "2791d88c6defac799c3f20d74f094ca33b9332612d9aef9078519c82e4fe04a5"
"checksum redox_syscall 0.1.0 (registry+https://github.com/rust-lang/crates.io-index)" = "35a48131ab10dbeb17202bd1dcb9c9798963a58a50c9ec31640f237358832094"
"checksum regex 1.0.0 (registry+https://github.com/rust-lang/crates.io-index)" = "75ecf88252dce580404a22444fc7d626c01815debba56a7f4f536772a5ff19d3"
"checksum regex-syntax 0.6.0 (registry+https://github.com/rust-lang/crates.io-index)" = "8f1ac0f60d675cc6cf13a20ec076568254472551051ad5dd050364d70671bf6b"
"checksum rustc-serialize 0.3.20 (registry+https://github.com/rust-lang/crates.io-index)" = "0c11e5465fcfde38cd9068f031d9eae19d2530bee91b129fed44f2b122697749"
"checksum scheduled-thread-pool 0.2.0 (registry+https://github.com/rust-lang/crates.io-index)" = "1a2ff3fc5223829be817806c6441279c676e454cc7da608faf03b0ccc09d3889"
"checksum serde 0.8.0 (registry+https://github.com/rust-lang/crates.io-index)" = "7ad09a04412d1ac27ab9c1170190cfed637e0463f2f2ce79e718141624f43a45"
"checksum serde 1.0.0 (registry+https://github.com/rust-lang/crates.io-index)" = "369633cfe0f0bde1dfc037fb6c5a329d46586a31f981bed14d87487a3439ae37"
"checksum serde_derive 1.0.0 (registry+https://github.com/rust-lang/crates.io-index)" = "6a61ecb8511aaff381424f98b49a059017420ec60e15e8d63b645701af7fa9b8"
"checksum serde_derive_internals 0.15.0 (registry+https://github.com/rust-lang/crates.io-index)" = "021c338d22c7e30f957a6ab7e388cb6098499dda9fd4ba1661ee074ca7a180d1"
"checksum serde_json 0.8.0 (registry+https://github.com/rust-lang/crates.io-index)" = "c86308e6709fa2c1707aa59406cb29a5018c1b33f1e4c958af36b71acbf19a3b"
"checksum serde_json 1.0.0 (registry+https://github.com/rust-lang/crates.io-index)" = "e9b1ec939469a124b27e208106550c38358ed4334d2b1b5b3825bc1ee37d946a"
"checksum socket2 0.2.0 (registry+https://github.com/rust-lang/crates.io-index)" = "6c61d15d011feb245d38e6d07a3b9add8d7a9ff21ed9e1d5d5b32d78d8a0e37a"
"checksum syn 0.11.10 (registry+https://github.com/rust-lang/crates.io-index)" = "171b739972d9a1bfb169e8077238b51f9ebeaae4ff6e08072f7ba386a8802da2"
"checksum syn 1.0.27 (registry+https://github.com/rust-lang/crates.io-index)" = "ef781e621ee763a2a40721a8861ec519cb76966aee03bb5d00adb6a31dc1c1de"
"checksum synom 0.11.0 (registry+https://github.com/rust-lang/crates.io-index)" = "8fece1853fb872b0acdc3ff88f37c474018e125ef81cd4cb8c0ca515746b62ed"
"checksum thread-id 3.3.0 (registry+https://github.com/rust-lang/crates.io-index)" = "c7fbf4c9d56b320106cd64fd024dadfa0be7cb4706725fc44a7d7ce952d820c1"
"checksum thread_local 0.3.2 (registry+https://github.com/rust-lang/crates.io-index)" = "7793b722f0f77ce716e7f1acf416359ca32ff24d04ffbac4269f44a4a83be05d"
"checksum time 0.1.36 (registry+https://github.com/rust-lang/crates.io-index)" = "211b63c112206356ef1ff9b19355f43740fc3f85960c598a93d3a3d3ba7beade"
"checksum ucd-util 0.1.0 (registry+https://github.com/rust-lang/crates.io-index)" = "3ac9567e27ca9fc45bac22f987fd62547b0ac65d2e6502dfc09cdab7dbdba31f"
"checksum unicode-bidi 0.2.3 (registry+https://github.com/rust-lang/crates.io-index)" = "c1f7ceb96afdfeedee42bade65a0d585a6a0106f681b6749c8ff4daa8df30b3f"
"checksum unicode-normalization 0.1.2 (registry+https://github.com/rust-lang/crates.io-index)" = "26643a2f83bac55f1976fb716c10234485f9202dcd65cfbdf9da49867b271172"
"checksum unicode-width 0.1.7 (registry+https://github.com/rust-lang/crates.io-index)" = "caaa9d531767d1ff2150b9332433f32a24622147e5ebb1f26409d5da67afd479"
"checksum unicode-xid 0.0.4 (registry+https://github.com/rust-lang/crates.io-index)" = "8c1f860d7d29cf02cb2f3f359fd35991af3d30bac52c57d265a3c461074cb4dc"
"checksum unicode-xid 0.2.0 (registry+https://github.com/rust-lang/crates.io-index)" = "826e7639553986605ec5979c7dd957c7895e93eabed50ab2ffa7f6128a75097c"
"checksum unreachable 0.1.0 (registry+https://github.com/rust-lang/crates.io-index)" = "ba6ca90cbc7fe966c80afab0e8677f09bc157da39eb5bd54084e0d0ce2433777"
"checksum url 1.4.0 (registry+https://github.com/rust-lang/crates.io-index)" = "f5ba8a749fb4479b043733416c244fa9d1d3af3d7c23804944651c8a448cb87e"
"checksum utf8-ranges 1.0.0 (registry+https://github.com/rust-lang/crates.io-index)" = "662fab6525a98beff2921d7f61a39e7d59e0b425ebc7d0d9e66d316e55124122"
"checksum uuid 0.2.0 (registry+https://github.com/rust-lang/crates.io-index)" = "a4f9d19a37dc0faed79299532458e112210a20a1f163b45a11d57cf57ba3f058"
"checksum vcpkg 0.2.8 (registry+https://github.com/rust-lang/crates.io-index)" = "3fc439f2794e98976c88a2a2dafce96b930fe8010b0a256b3c2199a773933168"
"checksum void 1.0.0 (registry+https://github.com/rust-lang/crates.io-index)" = "9190d4fdcc6b93d290236afff590896050a971233ec853958c0e52d42bdeb72c"
"checksum winapi 0.2.4 (registry+https://github.com/rust-lang/crates.io-index)" = "5350e40d908c7e8b9e5c9edb541ca47cc617c6229d3575a46da6f550f36c96fd"
"checksum winapi 0.3.2 (registry+https://github.com/rust-lang/crates.io-index)" = "890b38836c01d72fdb636d15c9cfc52ec7fd783b330abc93cd1686f4308dfccc"
"checksum winapi-build 0.1.1 (registry+https://github.com/rust-lang/crates.io-index)" = "2d315eee3b34aca4797b2da6b13ed88266e6d612562a0c46390af8299fc699bc"
"checksum winapi-i686-pc-windows-gnu 0.3.0 (registry+https://github.com/rust-lang/crates.io-index)" = "a16a8e2ebfc883e2b1771c6482b1fb3c6831eab289ba391619a2d93a7356220f"
"checksum winapi-x86_64-pc-windows-gnu 0.3.0 (registry+https://github.com/rust-lang/crates.io-index)" = "8ca29cb03c8ceaf20f8224a18a530938305e9872b1478ea24ff44b4f503a1d1d"
"checksum ws2_32-sys 0.2.0 (registry+https://github.com/rust-lang/crates.io-index)" = "ee5f6c385b5f769b6e6104dce4d46dbb582d4bca1e7db77157766381636ee9d8"
