# This file is automatically @generated by Cargo.
# It is not intended for manual editing.
version = 4

[[package]]
name = "addr2line"
version = "0.25.1"
source = "registry+https://github.com/rust-lang/crates.io-index"
checksum = "1b5d307320b3181d6d7954e663bd7c774a838b8220fe0593c86d9fb09f498b4b"
dependencies = [
 "gimli",
]

[[package]]
name = "adler2"
version = "2.0.1"
source = "registry+https://github.com/rust-lang/crates.io-index"
checksum = "320119579fcad9c21884f5c4861d16174d0e06250625266f50fe6898340abefa"

[[package]]
name = "aho-corasick"
version = "1.1.4"
source = "registry+https://github.com/rust-lang/crates.io-index"
checksum = "ddd31a130427c27518df266943a5308ed92d4b226cc639f5a8f1002816174301"
dependencies = [
 "memchr",
]

[[package]]
name = "annotate-snippets"
version = "0.11.5"
source = "registry+https://github.com/rust-lang/crates.io-index"
checksum = "710e8eae58854cdc1790fcb56cca04d712a17be849eeb81da2a724bf4bae2bc4"
dependencies = [
 "anstyle",
 "unicode-width",
]

[[package]]
name = "anstyle"
version = "1.0.14"
source = "registry+https://github.com/rust-lang/crates.io-index"
checksum = "940b3a0ca603d1eade50a4846a2afffd5ef57a9feac2c0e2ec2e14f9ead76000"

[[package]]
name = "anyhow"
version = "1.0.102"
source = "registry+https://github.com/rust-lang/crates.io-index"
checksum = "7f202df86484c868dbad7eaa557ef785d5c66295e41b460ef922eca0723b842c"

[[package]]
name = "backtrace"
version = "0.3.76"
source = "registry+https://github.com/rust-lang/crates.io-index"
checksum = "bb531853791a215d7c62a30daf0dde835f381ab5de4589cfe7c649d2cbe92bd6"
dependencies = [
 "addr2line",
 "cfg-if",
 "libc",
 "miniz_oxide",
 "object",
 "rustc-demangle",
 "windows-link",
]

[[package]]
name = "bstr"
version = "1.12.1"
source = "registry+https://github.com/rust-lang/crates.io-index"
checksum = "63044e1ae8e69f3b5a92c736ca6269b8d12fa7efe39bf34ddb06d102cf0e2cab"
dependencies = [
 "memchr",
 "regex-automata",
 "serde",
]

[[package]]
name = "bumpalo"
version = "3.20.2"
source = "registry+https://github.com/rust-lang/crates.io-index"
checksum = "5d20789868f4b01b2f2caec9f5c4e0213b41e3e5702a50157d699ae31ced2fcb"

[[package]]
name = "camino"
version = "1.2.2"
source = "registry+https://github.com/rust-lang/crates.io-index"
checksum = "e629a66d692cb9ff1a1c664e41771b3dcaf961985a9774c0eb0bd1b51cf60a48"
dependencies = [
 "serde_core",
]

[[package]]
name = "cargo-platform"
version = "0.1.9"
source = "registry+https://github.com/rust-lang/crates.io-index"
checksum = "e35af189006b9c0f00a064685c727031e3ed2d8020f7ba284d78cc2671bd36ea"
dependencies = [
 "serde",
]

[[package]]
name = "cargo_metadata"
version = "0.18.1"
source = "registry+https://github.com/rust-lang/crates.io-index"
checksum = "2d886547e41f740c616ae73108f6eb70afe6d940c7bc697cb30f13daec073037"
dependencies = [
 "camino",
 "cargo-platform",
 "semver",
 "serde",
 "serde_json",
 "thiserror",
]

[[package]]
name = "cfg-if"
version = "1.0.4"
source = "registry+https://github.com/rust-lang/crates.io-index"
checksum = "9330f8b2ff13f34540b44e946ef35111825727b38d33286ef986142615121801"

[[package]]
name = "color-eyre"
version = "0.6.5"
source = "registry+https://github.com/rust-lang/crates.io-index"
checksum = "e5920befb47832a6d61ee3a3a846565cfa39b331331e68a3b1d1116630f2f26d"
dependencies = [
 "backtrace",
 "color-spantrace",
 "eyre",
 "indenter",
 "once_cell",
 "owo-colors",
 "tracing-error",
]

[[package]]
name = "color-spantrace"
version = "0.3.0"
source = "registry+https://github.com/rust-lang/crates.io-index"
checksum = "b8b88ea9df13354b55bc7234ebcce36e6ef896aca2e42a15de9e10edce01b427"
dependencies = [
 "once_cell",
 "owo-colors",
 "tracing-core",
 "tracing-error",
]

[[package]]
name = "colored"
version = "3.1.1"
source = "registry+https://github.com/rust-lang/crates.io-index"
checksum = "faf9468729b8cbcea668e36183cb69d317348c2e08e994829fb56ebfdfbaac34"
dependencies = [
 "windows-sys",
]

[[package]]
name = "comma"
version = "1.0.0"
source = "registry+https://github.com/rust-lang/crates.io-index"
checksum = "55b672471b4e9f9e95499ea597ff64941a309b2cdbffcc46f2cc5e2d971fd335"

[[package]]
name = "console"
version = "0.16.3"
source = "registry+https://github.com/rust-lang/crates.io-index"
checksum = "d64e8af5551369d19cf50138de61f1c42074ab970f74e99be916646777f8fc87"
dependencies = [
 "encode_unicode",
 "libc",
 "unicode-width",
 "windows-sys",
]

[[package]]
name = "crossbeam-channel"
version = "0.5.15"
source = "registry+https://github.com/rust-lang/crates.io-index"
checksum = "82b8f8f868b36967f9606790d1903570de9ceaf870a7bf9fbbd3016d636a2cb2"
dependencies = [
 "crossbeam-utils",
]

[[package]]
name = "crossbeam-utils"
version = "0.8.21"
source = "registry+https://github.com/rust-lang/crates.io-index"
checksum = "d0a5c400df2834b80a4c3327b3aad3a4c4cd4de0629063962b03235697506a28"

[[package]]
name = "diesel_compile_tests"
version = "0.1.0"
dependencies = [
 "regex",
 "ui_test",
]

[[package]]
name = "encode_unicode"
version = "1.0.0"
source = "registry+https://github.com/rust-lang/crates.io-index"
checksum = "34aa73646ffb006b8f5147f3dc182bd4bcb190227ce861fc4a4844bf8e3cb2c0"

[[package]]
name = "eyre"
version = "0.6.12"
source = "registry+https://github.com/rust-lang/crates.io-index"
checksum = "7cd915d99f24784cdc19fd37ef22b97e3ff0ae756c7e492e9fbfe897d61e2aec"
dependencies = [
 "indenter",
 "once_cell",
]

[[package]]
name = "gimli"
version = "0.32.3"
source = "registry+https://github.com/rust-lang/crates.io-index"
checksum = "e629b9b98ef3dd8afe6ca2bd0f89306cec16d43d907889945bc5d6687f2f13c7"

[[package]]
name = "indenter"
version = "0.3.4"
source = "registry+https://github.com/rust-lang/crates.io-index"
checksum = "964de6e86d545b246d84badc0fef527924ace5134f30641c203ef52ba83f58d5"

[[package]]
name = "indicatif"
version = "0.18.4"
source = "registry+https://github.com/rust-lang/crates.io-index"
checksum = "25470f23803092da7d239834776d653104d551bc4d7eacaf31e6837854b8e9eb"
dependencies = [
 "console",
 "portable-atomic",
 "unicode-width",
 "unit-prefix",
 "web-time",
]

[[package]]
name = "itoa"
version = "1.0.18"
source = "registry+https://github.com/rust-lang/crates.io-index"
checksum = "8f42a60cbdf9a97f5d2305f08a87dc4e09308d1276d28c869c684d7777685682"

[[package]]
name = "js-sys"
version = "0.3.95"
source = "registry+https://github.com/rust-lang/crates.io-index"
checksum = "2964e92d1d9dc3364cae4d718d93f227e3abb088e747d92e0395bfdedf1c12ca"
dependencies = [
 "once_cell",
 "wasm-bindgen",
]

[[package]]
name = "lazy_static"
version = "1.5.0"
source = "registry+https://github.com/rust-lang/crates.io-index"
checksum = "bbd2bcb4c963f2ddae06a2efc7e9f3591312473c50c6685e1f298068316e66fe"

[[package]]
name = "levenshtein"
version = "1.0.5"
source = "registry+https://github.com/rust-lang/crates.io-index"
checksum = "db13adb97ab515a3691f56e4dbab09283d0b86cb45abd991d8634a9d6f501760"

[[package]]
name = "libc"
version = "0.2.185"
source = "registry+https://github.com/rust-lang/crates.io-index"
checksum = "52ff2c0fe9bc6cb6b14a0592c2ff4fa9ceb83eea9db979b0487cd054946a2b8f"

[[package]]
name = "memchr"
version = "2.8.0"
source = "registry+https://github.com/rust-lang/crates.io-index"
checksum = "f8ca58f447f06ed17d5fc4043ce1b10dd205e060fb3ce5b979b8ed8e59ff3f79"

[[package]]
name = "miniz_oxide"
version = "0.8.9"
source = "registry+https://github.com/rust-lang/crates.io-index"
checksum = "1fa76a2c86f704bdb222d66965fb3d63269ce38518b83cb0575fca855ebb6316"
dependencies = [
 "adler2",
]

[[package]]
name = "object"
version = "0.37.3"
source = "registry+https://github.com/rust-lang/crates.io-index"
checksum = "ff76201f031d8863c38aa7f905eca4f53abbfa15f609db4277d44cd8938f33fe"
dependencies = [
 "memchr",
]

[[package]]
name = "once_cell"
version = "1.21.4"
source = "registry+https://github.com/rust-lang/crates.io-index"
checksum = "9f7c3e4beb33f85d45ae3e3a1792185706c8e16d043238c593331cc7cd313b50"

[[package]]
name = "owo-colors"
version = "4.3.0"
source = "registry+https://github.com/rust-lang/crates.io-index"
checksum = "d211803b9b6b570f68772237e415a029d5a50c65d382910b879fb19d3271f94d"

[[package]]
name = "pin-project-lite"
version = "0.2.17"
source = "registry+https://github.com/rust-lang/crates.io-index"
checksum = "a89322df9ebe1c1578d689c92318e070967d1042b512afbe49518723f4e6d5cd"

[[package]]
name = "portable-atomic"
version = "1.13.1"
source = "registry+https://github.com/rust-lang/crates.io-index"
checksum = "c33a9471896f1c69cecef8d20cbe2f7accd12527ce60845ff44c153bb2a21b49"

[[package]]
name = "prettydiff"
version = "0.9.0"
source = "registry+https://github.com/rust-lang/crates.io-index"
checksum = "ac17546d82912e64874e3d5b40681ce32eac4e5834344f51efcf689ff1550a65"
dependencies = [
 "owo-colors",
]

[[package]]
name = "proc-macro2"
version = "1.0.106"
source = "registry+https://github.com/rust-lang/crates.io-index"
checksum = "8fd00f0bb2e90d81d1044c2b32617f68fcb9fa3bb7640c23e9c748e53fb30934"
dependencies = [
 "unicode-ident",
]

[[package]]
name = "quote"
version = "1.0.45"
source = "registry+https://github.com/rust-lang/crates.io-index"
checksum = "41f2619966050689382d2b44f664f4bc593e129785a36d6ee376ddf37259b924"
dependencies = [
 "proc-macro2",
]

[[package]]
name = "regex"
version = "1.12.3"
source = "registry+https://github.com/rust-lang/crates.io-index"
checksum = "e10754a14b9137dd7b1e3e5b0493cc9171fdd105e0ab477f51b72e7f3ac0e276"
dependencies = [
 "aho-corasick",
 "memchr",
 "regex-automata",
 "regex-syntax",
]

[[package]]
name = "regex-automata"
version = "0.4.14"
source = "registry+https://github.com/rust-lang/crates.io-index"
checksum = "6e1dd4122fc1595e8162618945476892eefca7b88c52820e74af6262213cae8f"
dependencies = [
 "aho-corasick",
 "memchr",
 "regex-syntax",
]

[[package]]
name = "regex-syntax"
version = "0.8.10"
source = "registry+https://github.com/rust-lang/crates.io-index"
checksum = "dc897dd8d9e8bd1ed8cdad82b5966c3e0ecae09fb1907d58efaa013543185d0a"

[[package]]
name = "rustc-demangle"
version = "0.1.27"
source = "registry+https://github.com/rust-lang/crates.io-index"
checksum = "b50b8869d9fc858ce7266cce0194bd74df58b9d0e3f6df3a9fc8eb470d95c09d"

[[package]]
name = "rustc_version"
version = "0.4.1"
source = "registry+https://github.com/rust-lang/crates.io-index"
checksum = "cfcb3a22ef46e85b45de6ee7e79d063319ebb6594faafcf1c225ea92ab6e9b92"
dependencies = [
 "semver",
]

[[package]]
name = "rustfix"
version = "0.8.7"
source = "registry+https://github.com/rust-lang/crates.io-index"
checksum = "82fa69b198d894d84e23afde8e9ab2af4400b2cba20d6bf2b428a8b01c222c5a"
dependencies = [
 "serde",
 "serde_json",
 "thiserror",
 "tracing",
]

[[package]]
name = "rustversion"
version = "1.0.22"
source = "registry+https://github.com/rust-lang/crates.io-index"
checksum = "b39cdef0fa800fc44525c84ccb54a029961a8215f9619753635a9c0d2538d46d"

[[package]]
name = "semver"
version = "1.0.28"
source = "registry+https://github.com/rust-lang/crates.io-index"
checksum = "8a7852d02fc848982e0c167ef163aaff9cd91dc640ba85e263cb1ce46fae51cd"
dependencies = [
 "serde",
 "serde_core",
]

[[package]]
name = "serde"
version = "1.0.228"
source = "registry+https://github.com/rust-lang/crates.io-index"
checksum = "9a8e94ea7f378bd32cbbd37198a4a91436180c5bb472411e48b5ec2e2124ae9e"
dependencies = [
 "serde_core",
 "serde_derive",
]

[[package]]
name = "serde_core"
version = "1.0.228"
source = "registry+https://github.com/rust-lang/crates.io-index"
checksum = "41d385c7d4ca58e59fc732af25c3983b67ac852c1a25000afe1175de458b67ad"
dependencies = [
 "serde_derive",
]

[[package]]
name = "serde_derive"
version = "1.0.228"
source = "registry+https://github.com/rust-lang/crates.io-index"
checksum = "d540f220d3187173da220f885ab66608367b6574e925011a9353e4badda91d79"
dependencies = [
 "proc-macro2",
 "quote",
 "syn",
]

[[package]]
name = "serde_json"
version = "1.0.149"
source = "registry+https://github.com/rust-lang/crates.io-index"
checksum = "83fc039473c5595ace860d8c4fafa220ff474b3fc6bfdb4293327f1a37e94d86"
dependencies = [
 "itoa",
 "memchr",
 "serde",
 "serde_core",
 "zmij",
]

[[package]]
name = "sharded-slab"
version = "0.1.7"
source = "registry+https://github.com/rust-lang/crates.io-index"
checksum = "f40ca3c46823713e0d4209592e8d6e826aa57e928f09752619fc696c499637f6"
dependencies = [
 "lazy_static",
]

[[package]]
name = "spanned"
version = "0.4.1"
source = "registry+https://github.com/rust-lang/crates.io-index"
checksum = "c92d4b0c055fde758f086eb4a6e73410247df8a3837fd606d2caeeaf72aa566d"
dependencies = [
 "anyhow",
 "bstr",
 "color-eyre",
]

[[package]]
name = "syn"
version = "2.0.117"
source = "registry+https://github.com/rust-lang/crates.io-index"
checksum = "e665b8803e7b1d2a727f4023456bbbbe74da67099c585258af0ad9c5013b9b99"
dependencies = [
 "proc-macro2",
 "quote",
 "unicode-ident",
]

[[package]]
name = "thiserror"
version = "1.0.69"
source = "registry+https://github.com/rust-lang/crates.io-index"
checksum = "b6aaf5339b578ea85b50e080feb250a3e8ae8cfcdff9a461c9ec2904bc923f52"
dependencies = [
 "thiserror-impl",
]

[[package]]
name = "thiserror-impl"
version = "1.0.69"
source = "registry+https://github.com/rust-lang/crates.io-index"
checksum = "4fee6c4efc90059e10f81e6d42c60a18f76588c3d74cb83a0b242a2b6c7504c1"
dependencies = [
 "proc-macro2",
 "quote",
 "syn",
]

[[package]]
name = "thread_local"
version = "1.1.9"
source = "registry+https://github.com/rust-lang/crates.io-index"
checksum = "f60246a4944f24f6e018aa17cdeffb7818b76356965d03b07d6a9886e8962185"
dependencies = [
 "cfg-if",
]

[[package]]
name = "tracing"
version = "0.1.44"
source = "registry+https://github.com/rust-lang/crates.io-index"
checksum = "63e71662fa4b2a2c3a26f570f037eb95bb1f85397f3cd8076caed2f026a6d100"
dependencies = [
 "pin-project-lite",
 "tracing-core",
]

[[package]]
name = "tracing-core"
version = "0.1.36"
source = "registry+https://github.com/rust-lang/crates.io-index"
checksum = "db97caf9d906fbde555dd62fa95ddba9eecfd14cb388e4f491a66d74cd5fb79a"
dependencies = [
 "once_cell",
 "valuable",
]

[[package]]
name = "tracing-error"
version = "0.2.1"
source = "registry+https://github.com/rust-lang/crates.io-index"
checksum = "8b1581020d7a273442f5b45074a6a57d5757ad0a47dac0e9f0bd57b81936f3db"
dependencies = [
 "tracing",
 "tracing-subscriber",
]

[[package]]
name = "tracing-subscriber"
version = "0.3.23"
source = "registry+https://github.com/rust-lang/crates.io-index"
checksum = "cb7f578e5945fb242538965c2d0b04418d38ec25c79d160cd279bf0731c8d319"
dependencies = [
 "sharded-slab",
 "thread_local",
 "tracing-core",
]

[[package]]
name = "ui_test"
version = "0.30.4"
source = "registry+https://github.com/rust-lang/crates.io-index"
checksum = "ada249620d81f010b9a1472b63a5077ac7c722dd0f4bacf6528b313d0b8c15d8"
dependencies = [
 "annotate-snippets",
 "anyhow",
 "bstr",
 "cargo-platform",
 "cargo_metadata",
 "color-eyre",
 "colored",
 "comma",
 "crossbeam-channel",
 "indicatif",
 "levenshtein",
 "prettydiff",
 "regex",
 "rustc_version",
 "rustfix",
 "serde",
 "serde_json",
 "spanned",
]

[[package]]
name = "unicode-ident"
version = "1.0.24"
source = "registry+https://github.com/rust-lang/crates.io-index"
checksum = "e6e4313cd5fcd3dad5cafa179702e2b244f760991f45397d14d4ebf38247da75"

[[package]]
name = "unicode-width"
version = "0.2.2"
source = "registry+https://github.com/rust-lang/crates.io-index"
checksum = "b4ac048d71ede7ee76d585517add45da530660ef4390e49b098733c6e897f254"

[[package]]
name = "unit-prefix"
version = "0.5.2"
source = "registry+https://github.com/rust-lang/crates.io-index"
checksum = "81e544489bf3d8ef66c953931f56617f423cd4b5494be343d9b9d3dda037b9a3"

[[package]]
name = "valuable"
version = "0.1.1"
source = "registry+https://github.com/rust-lang/crates.io-index"
checksum = "ba73ea9cf16a25df0c8caa16c51acb937d5712a8429db78a3ee29d5dcacd3a65"

[[package]]
name = "wasm-bindgen"
version = "0.2.118"
source = "registry+https://github.com/rust-lang/crates.io-index"
checksum = "0bf938a0bacb0469e83c1e148908bd7d5a6010354cf4fb73279b7447422e3a89"
dependencies = [
 "cfg-if",
 "once_cell",
 "rustversion",
 "wasm-bindgen-macro",
 "wasm-bindgen-shared",
]

[[package]]
name = "wasm-bindgen-macro"
version = "0.2.118"
source = "registry+https://github.com/rust-lang/crates.io-index"
checksum = "eeff24f84126c0ec2db7a449f0c2ec963c6a49efe0698c4242929da037ca28ed"
dependencies = [
 "quote",
 "wasm-bindgen-macro-support",
]

[[package]]
name = "wasm-bindgen-macro-support"
version = "0.2.118"
source = "registry+https://github.com/rust-lang/crates.io-index"
checksum = "9d08065faf983b2b80a79fd87d8254c409281cf7de75fc4b773019824196c904"
dependencies = [
 "bumpalo",
 "proc-macro2",
 "quote",
 "syn",
 "wasm-bindgen-shared",
]

[[package]]
name = "wasm-bindgen-shared"
version = "0.2.118"
source = "registry+https://github.com/rust-lang/crates.io-index"
checksum = "5fd04d9e306f1907bd13c6361b5c6bfc7b3b3c095ed3f8a9246390f8dbdee129"
dependencies = [
 "unicode-ident",
]

[[package]]
name = "web-time"
version = "1.1.0"
source = "registry+https://github.com/rust-lang/crates.io-index"
checksum = "5a6580f308b1fad9207618087a65c04e7a10bc77e02c8e84e9b00dd4b12fa0bb"
dependencies = [
 "js-sys",
 "wasm-bindgen",
]

[[package]]
name = "windows-link"
version = "0.2.1"
source = "registry+https://github.com/rust-lang/crates.io-index"
checksum = "f0805222e57f7521d6a62e36fa9163bc891acd422f971defe97d64e70d0a4fe5"

[[package]]
name = "windows-sys"
version = "0.61.2"
source = "registry+https://github.com/rust-lang/crates.io-index"
checksum = "ae137229bcbd6cdf0f7b80a31df61766145077ddf49416a728b02cb3921ff3fc"
dependencies = [
 "windows-link",
]

[[package]]
name = "zmij"
version = "1.0.21"
source = "registry+https://github.com/rust-lang/crates.io-index"
checksum = "b8848ee67ecc8aedbaf3e4122217aff892639231befc6a1b58d29fff4c2cabaa"
